
Microsoft Visual Studio Solution File, Format Version 12.00
# Visual Studio Version 16
VisualStudioVersion = 25.0.1706.4
MinimumVisualStudioVersion = 10.0.40219.1
Project("{FAE04EC0-301F-11D3-BF4B-00C04F79EFBC}") = "06.10Task2(class)", "06.10Practice\06.10Task2(class).csproj", "{F560E4C9-79D4-446F-8702-A572FDFF008A}"
EndProject
Global
	GlobalSection(SolutionConfigurationPlatforms) = preSolution
		Debug|Any CPU = Debug|Any CPU
		Release|Any CPU = Release|Any CPU
	EndGlobalSection
	GlobalSection(ProjectConfigurationPlatforms) = postSolution
		{F560E4C9-79D4-446F-8702-A572FDFF008A}.Debug|Any CPU.ActiveCfg = Debug|Any CPU
		{F560E4C9-79D4-446F-8702-A572FDFF008A}.Debug|Any CPU.Build.0 = Debug|Any CPU
		{F560E4C9-79D4-446F-8702-A572FDFF008A}.Release|Any CPU.ActiveCfg = Release|Any CPU
		{F560E4C9-79D4-446F-8702-A572FDFF008A}.Release|Any CPU.Build.0 = Release|Any CPU
	EndGlobalSection
	GlobalSection(SolutionProperties) = preSolution
		HideSolutionNode = FALSE
	EndGlobalSection
	GlobalSection(ExtensibilityGlobals) = postSolution
		SolutionGuid = {4FF7A1D0-1774-473C-9A11-5FFB2E69B9AD}
	EndGlobalSection
EndGlobal
